
Microsoft Visual Studio Solution File, Format Version 12.00
# Visual Studio Version 16
VisualStudioVersion = 16.0.31515.178
MinimumVisualStudioVersion = 10.0.40219.1
Project("{9A19103F-16F7-4668-BE54-9A1E7A4F7556}") = "IndianStateCensusProblem", "IndianStateCensusProblem\IndianStateCensusProblem.csproj", "{FED2E9C2-1618-4143-9144-7C0823664C7C}"
EndProject
Project("{FAE04EC0-301F-11D3-BF4B-00C04F79EFBC}") = "CensusAnalyzerTest", "CensusAnalyzerTest\CensusAnalyzerTest.csproj", "{6469C9BC-F5AD-477D-9B53-C1DDB9C7182C}"
EndProject
Global
	GlobalSection(SolutionConfigurationPlatforms) = preSolution
		Debug|Any CPU = Debug|Any CPU
		Release|Any CPU = Release|Any CPU
	EndGlobalSection
	GlobalSection(ProjectConfigurationPlatforms) = postSolution
		{FED2E9C2-1618-4143-9144-7C0823664C7C}.Debug|Any CPU.ActiveCfg = Debug|Any CPU
		{FED2E9C2-1618-4143-9144-7C0823664C7C}.Debug|Any CPU.Build.0 = Debug|Any CPU
		{FED2E9C2-1618-4143-9144-7C0823664C7C}.Release|Any CPU.ActiveCfg = Release|Any CPU
		{FED2E9C2-1618-4143-9144-7C0823664C7C}.Release|Any CPU.Build.0 = Release|Any CPU
		{6469C9BC-F5AD-477D-9B53-C1DDB9C7182C}.Debug|Any CPU.ActiveCfg = Debug|Any CPU
		{6469C9BC-F5AD-477D-9B53-C1DDB9C7182C}.Debug|Any CPU.Build.0 = Debug|Any CPU
		{6469C9BC-F5AD-477D-9B53-C1DDB9C7182C}.Release|Any CPU.ActiveCfg = Release|Any CPU
		{6469C9BC-F5AD-477D-9B53-C1DDB9C7182C}.Release|Any CPU.Build.0 = Release|Any CPU
	EndGlobalSection
	GlobalSection(SolutionProperties) = preSolution
		HideSolutionNode = FALSE
	EndGlobalSection
	GlobalSection(ExtensibilityGlobals) = postSolution
		SolutionGuid = {053771DE-7326-41F2-BA23-3955ADB182BA}
	EndGlobalSection
EndGlobal
